// !$*UTF8*$!
{
	archiveVersion = 1;
	classes = {
	};
	objectVersion = 77;
	objects = {

/* Begin PBXContainerItemProxy section */
		D50B343D2E5160A100FBC36C /* PBXContainerItemProxy */ = {
			isa = PBXContainerItemProxy;
			containerPortal = D50B34202E51609F00FBC36C /* Project object */;
			proxyType = 1;
			remoteGlobalIDString = D50B34272E51609F00FBC36C;
			remoteInfo = AsaMindMap;
		};
		D50B34472E5160A100FBC36C /* PBXContainerItemProxy */ = {
			isa = PBXContainerItemProxy;
			containerPortal = D50B34202E51609F00FBC36C /* Project object */;
			proxyType = 1;
			remoteGlobalIDString = D50B34272E51609F00FBC36C;
			remoteInfo = AsaMindMap;
		};
/* End PBXContainerItemProxy section */

/* Begin PBXFileReference section */
		D50B34282E51609F00FBC36C /* AsaMindMap.app */ = {isa = PBXFileReference; explicitFileType = wrapper.application; includeInIndex = 0; path = AsaMindMap.app; sourceTree = BUILT_PRODUCTS_DIR; };
		D50B343C2E5160A100FBC36C /* AsaMindMapTests.xctest */ = {isa = PBXFileReference; explicitFileType = wrapper.cfbundle; includeInIndex = 0; path = AsaMindMapTests.xctest; sourceTree = BUILT_PRODUCTS_DIR; };
		D50B34462E5160A100FBC36C /* AsaMindMapUITests.xctest */ = {isa = PBXFileReference; explicitFileType = wrapper.cfbundle; includeInIndex = 0; path = AsaMindMapUITests.xctest; sourceTree = BUILT_PRODUCTS_DIR; };
/* End PBXFileReference section */

/* Begin PBXFileSystemSynchronizedBuildFileExceptionSet section */
		D50B344E2E5160A100FBC36C /* Exceptions for "AsaMindMap" folder in "AsaMindMap" target */ = {
			isa = PBXFileSystemSynchronizedBuildFileExceptionSet;
			membershipExceptions = (
				Info.plist,
			);
			target = D50B34272E51609F00FBC36C /* AsaMindMap */;
		};
/* End PBXFileSystemSynchronizedBuildFileExceptionSet section */

/* Begin PBXFileSystemSynchronizedRootGroup section */
		D50B342A2E51609F00FBC36C /* AsaMindMap */ = {
			isa = PBXFileSystemSynchronizedRootGroup;
			exceptions = (
				D50B344E2E5160A100FBC36C /* Exceptions for "AsaMindMap" folder in "AsaMindMap" target */,
			);
			path = AsaMindMap;
			sourceTree = "<group>";
		};
		D50B343F2E5160A100FBC36C /* AsaMindMapTests */ = {
			isa = PBXFileSystemSynchronizedRootGroup;
			path = AsaMindMapTests;
			sourceTree = "<group>";
		};
		D50B34492E5160A100FBC36C /* AsaMindMapUITests */ = {
			isa = PBXFileSystemSynchronizedRootGroup;
			path = AsaMindMapUITests;
			sourceTree = "<group>";
		};
/* End PBXFileSystemSynchronizedRootGroup section */

/* Begin PBXFrameworksBuildPhase section */
		D50B34252E51609F00FBC36C /* Frameworks */ = {
			isa = PBXFrameworksBuildPhase;
			buildActionMask = 2147483647;
			files = (
			);
			runOnlyForDeploymentPostprocessing = 0;
		};
		D50B34392E5160A100FBC36C /* Frameworks */ = {
			isa = PBXFrameworksBuildPhase;
			buildActionMask = 2147483647;
			files = (
			);
			runOnlyForDeploymentPostprocessing = 0;
		};
		D50B34432E5160A100FBC36C /* Frameworks */ = {
			isa = PBXFrameworksBuildPhase;
			buildActionMask = 2147483647;
			files = (
			);
			runOnlyForDeploymentPostprocessing = 0;
		};
/* End PBXFrameworksBuildPhase section */

/* Begin PBXGroup section */
		D50B341F2E51609F00FBC36C = {
			isa = PBXGroup;
			children = (
				D50B342A2E51609F00FBC36C /* AsaMindMap */,
				D50B343F2E5160A100FBC36C /* AsaMindMapTests */,
				D50B34492E5160A100FBC36C /* AsaMindMapUITests */,
				D50B34292E51609F00FBC36C /* Products */,
			);
			sourceTree = "<group>";
		};
		D50B34292E51609F00FBC36C /* Products */ = {
			isa = PBXGroup;
			children = (
				D50B34282E51609F00FBC36C /* AsaMindMap.app */,
				D50B343C2E5160A100FBC36C /* AsaMindMapTests.xctest */,
				D50B34462E5160A100FBC36C /* AsaMindMapUITests.xctest */,
			);
			name = Products;
			sourceTree = "<group>";
		};
/* End PBXGroup section */

/* Begin PBXNativeTarget section */
		D50B34272E51609F00FBC36C /* AsaMindMap */ = {
			isa = PBXNativeTarget;
			buildConfigurationList = D50B344F2E5160A100FBC36C /* Build configuration list for PBXNativeTarget "AsaMindMap" */;
			buildPhases = (
				D50B34242E51609F00FBC36C /* Sources */,
				D50B34252E51609F00FBC36C /* Frameworks */,
				D50B34262E51609F00FBC36C /* Resources */,
			);
			buildRules = (
			);
			dependencies = (
			);
			fileSystemSynchronizedGroups = (
				D50B342A2E51609F00FBC36C /* AsaMindMap */,
			);
			name = AsaMindMap;
			packageProductDependencies = (
				D50B34612E5160B000FBC36C /* MindMapCore */,
				D50B34632E5160B000FBC36C /* MindMapUI */,
				D50B34652E5160B000FBC36C /* DesignSystem */,
			);
			productName = AsaMindMap;
			productReference = D50B34282E51609F00FBC36C /* AsaMindMap.app */;
			productType = "com.apple.product-type.application";
		};
		D50B343B2E5160A100FBC36C /* AsaMindMapTests */ = {
			isa = PBXNativeTarget;
			buildConfigurationList = D50B34542E5160A100FBC36C /* Build configuration list for PBXNativeTarget "AsaMindMapTests" */;
			buildPhases = (
				D50B34382E5160A100FBC36C /* Sources */,
				D50B34392E5160A100FBC36C /* Frameworks */,
				D50B343A2E5160A100FBC36C /* Resources */,
			);
			buildRules = (
			);
			dependencies = (
				D50B343E2E5160A100FBC36C /* PBXTargetDependency */,
			);
			fileSystemSynchronizedGroups = (
				D50B343F2E5160A100FBC36C /* AsaMindMapTests */,
			);
			name = AsaMindMapTests;
			packageProductDependencies = (
			);
			productName = AsaMindMapTests;
			productReference = D50B343C2E5160A100FBC36C /* AsaMindMapTests.xctest */;
			productType = "com.apple.product-type.bundle.unit-test";
		};
		D50B34452E5160A100FBC36C /* AsaMindMapUITests */ = {
			isa = PBXNativeTarget;
			buildConfigurationList = D50B34572E5160A100FBC36C /* Build configuration list for PBXNativeTarget "AsaMindMapUITests" */;
			buildPhases = (
				D50B34422E5160A100FBC36C /* Sources */,
				D50B34432E5160A100FBC36C /* Frameworks */,
				D50B34442E5160A100FBC36C /* Resources */,
			);
			buildRules = (
			);
			dependencies = (
				D50B34482E5160A100FBC36C /* PBXTargetDependency */,
			);
			fileSystemSynchronizedGroups = (
				D50B34492E5160A100FBC36C /* AsaMindMapUITests */,
			);
			name = AsaMindMapUITests;
			packageProductDependencies = (
			);
			productName = AsaMindMapUITests;
			productReference = D50B34462E5160A100FBC36C /* AsaMindMapUITests.xctest */;
			productType = "com.apple.product-type.bundle.ui-testing";
		};
/* End PBXNativeTarget section */

/* Begin PBXProject section */
		D50B34202E51609F00FBC36C /* Project object */ = {
			isa = PBXProject;
			attributes = {
				BuildIndependentTargetsInParallel = 1;
				LastSwiftUpdateCheck = 1640;
				LastUpgradeCheck = 1640;
				TargetAttributes = {
					D50B34272E51609F00FBC36C = {
						CreatedOnToolsVersion = 16.4;
					};
					D50B343B2E5160A100FBC36C = {
						CreatedOnToolsVersion = 16.4;
						TestTargetID = D50B34272E51609F00FBC36C;
					};
					D50B34452E5160A100FBC36C = {
						CreatedOnToolsVersion = 16.4;
						TestTargetID = D50B34272E51609F00FBC36C;
					};
				};
			};
			buildConfigurationList = D50B34232E51609F00FBC36C /* Build configuration list for PBXProject "AsaMindMap" */;
			developmentRegion = en;
			hasScannedForEncodings = 0;
			knownRegions = (
				en,
				Base,
			);
			mainGroup = D50B341F2E51609F00FBC36C;
			minimizedProjectReferenceProxies = 1;
			packageReferences = (
				D50B34602E5160B000FBC36C /* XCLocalSwiftPackageReference "../Package" */,
			);
			preferredProjectObjectVersion = 77;
			productRefGroup = D50B34292E51609F00FBC36C /* Products */;
			projectDirPath = "";
			projectRoot = "";
			targets = (
				D50B34272E51609F00FBC36C /* AsaMindMap */,
				D50B343B2E5160A100FBC36C /* AsaMindMapTests */,
				D50B34452E5160A100FBC36C /* AsaMindMapUITests */,
			);
		};
/* End PBXProject section */

/* Begin PBXResourcesBuildPhase section */
		D50B34262E51609F00FBC36C /* Resources */ = {
			isa = PBXResourcesBuildPhase;
			buildActionMask = 2147483647;
			files = (
			);
			runOnlyForDeploymentPostprocessing = 0;
		};
		D50B343A2E5160A100FBC36C /* Resources */ = {
			isa = PBXResourcesBuildPhase;
			buildActionMask = 2147483647;
			files = (
			);
			runOnlyForDeploymentPostprocessing = 0;
		};
		D50B34442E5160A100FBC36C /* Resources */ = {
			isa = PBXResourcesBuildPhase;
			buildActionMask = 2147483647;
			files = (
			);
			runOnlyForDeploymentPostprocessing = 0;
		};
/* End PBXResourcesBuildPhase section */

/* Begin PBXSourcesBuildPhase section */
		D50B34242E51609F00FBC36C /* Sources */ = {
			isa = PBXSourcesBuildPhase;
			buildActionMask = 2147483647;
			files = (
			);
			runOnlyForDeploymentPostprocessing = 0;
		};
		D50B34382E5160A100FBC36C /* Sources */ = {
			isa = PBXSourcesBuildPhase;
			buildActionMask = 2147483647;
			files = (
			);
			runOnlyForDeploymentPostprocessing = 0;
		};
		D50B34422E5160A100FBC36C /* Sources */ = {
			isa = PBXSourcesBuildPhase;
			buildActionMask = 2147483647;
			files = (
			);
			runOnlyForDeploymentPostprocessing = 0;
		};
/* End PBXSourcesBuildPhase section */

/* Begin PBXTargetDependency section */
		D50B343E2E5160A100FBC36C /* PBXTargetDependency */ = {
			isa = PBXTargetDependency;
			target = D50B34272E51609F00FBC36C /* AsaMindMap */;
			targetProxy = D50B343D2E5160A100FBC36C /* PBXContainerItemProxy */;
		};
		D50B34482E5160A100FBC36C /* PBXTargetDependency */ = {
			isa = PBXTargetDependency;
			target = D50B34272E51609F00FBC36C /* AsaMindMap */;
			targetProxy = D50B34472E5160A100FBC36C /* PBXContainerItemProxy */;
		};
/* End PBXTargetDependency section */

/* Begin XCBuildConfiguration section */
		D50B34502E5160A100FBC36C /* Debug */ = {
			isa = XCBuildConfiguration;
			buildSettings = {
				ASSETCATALOG_COMPILER_APPICON_NAME = AppIcon;
				ASSETCATALOG_COMPILER_GLOBAL_ACCENT_COLOR_NAME = AccentColor;
				CODE_SIGN_ENTITLEMENTS = AsaMindMap/AsaMindMap.entitlements;
				CODE_SIGN_STYLE = Automatic;
				CURRENT_PROJECT_VERSION = 1;
				DEVELOPMENT_TEAM = UUD4WPFJTD;
				ENABLE_PREVIEWS = YES;
				GENERATE_INFOPLIST_FILE = YES;
				INFOPLIST_FILE = AsaMindMap/Info.plist;
				INFOPLIST_KEY_UIApplicationSceneManifest_Generation = YES;
				INFOPLIST_KEY_UIApplicationSupportsIndirectInputEvents = YES;
				INFOPLIST_KEY_UILaunchScreen_Generation = YES;
				INFOPLIST_KEY_UISupportedInterfaceOrientations_iPad = "UIInterfaceOrientationPortrait UIInterfaceOrientationPortraitUpsideDown UIInterfaceOrientationLandscapeLeft UIInterfaceOrientationLandscapeRight";
				INFOPLIST_KEY_UISupportedInterfaceOrientations_iPhone = "UIInterfaceOrientationPortrait UIInterfaceOrientationLandscapeLeft UIInterfaceOrientationLandscapeRight";
				LD_RUNPATH_SEARCH_PATHS = (
					"$(inherited)",
					"@executable_path/Frameworks",
				);
				MARKETING_VERSION = 1.0;
				PRODUCT_BUNDLE_IDENTIFIER = com.asapapalab.AsaMindMap;
				PRODUCT_NAME = "$(TARGET_NAME)";
				SWIFT_EMIT_LOC_STRINGS = YES;
				SWIFT_VERSION = 5.0;
				TARGETED_DEVICE_FAMILY = "1,2";
			};
			name = Debug;
		};
		D50B34512E5160A100FBC36C /* Release */ = {
			isa = XCBuildConfiguration;
			buildSettings = {
				ASSETCATALOG_COMPILER_APPICON_NAME = AppIcon;
				ASSETCATALOG_COMPILER_GLOBAL_ACCENT_COLOR_NAME = AccentColor;
				CODE_SIGN_ENTITLEMENTS = AsaMindMap/AsaMindMap.entitlements;
				CODE_SIGN_STYLE = Automatic;
				CURRENT_PROJECT_VERSION = 1;
				DEVELOPMENT_TEAM = UUD4WPFJTD;
				ENABLE_PREVIEWS = YES;
				GENERATE_INFOPLIST_FILE = YES;
				INFOPLIST_FILE = AsaMindMap/Info.plist;
				INFOPLIST_KEY_UIApplicationSceneManifest_Generation = YES;
				INFOPLIST_KEY_UIApplicationSupportsIndirectInputEvents = YES;
				INFOPLIST_KEY_UILaunchScreen_Generation = YES;
				INFOPLIST_KEY_UISupportedInterfaceOrientations_iPad = "UIInterfaceOrientationPortrait UIInterfaceOrientationPortraitUpsideDown UIInterfaceOrientationLandscapeLeft UIInterfaceOrientationLandscapeRight";
				INFOPLIST_KEY_UISupportedInterfaceOrientations_iPhone = "UIInterfaceOrientationPortrait UIInterfaceOrientationLandscapeLeft UIInterfaceOrientationLandscapeRight";
				LD_RUNPATH_SEARCH_PATHS = (
					"$(inherited)",
					"@executable_path/Frameworks",
				);
				MARKETING_VERSION = 1.0;
				PRODUCT_BUNDLE_IDENTIFIER = com.asapapalab.AsaMindMap;
				PRODUCT_NAME = "$(TARGET_NAME)";
				SWIFT_EMIT_LOC_STRINGS = YES;
				SWIFT_VERSION = 5.0;
				TARGETED_DEVICE_FAMILY = "1,2";
			};
			name = Release;
		};
		D50B34522E5160A100FBC36C /* Debug */ = {
			isa = XCBuildConfiguration;
			buildSettings = {
				ALWAYS_SEARCH_USER_PATHS = NO;
				ASSETCATALOG_COMPILER_GENERATE_SWIFT_ASSET_SYMBOL_EXTENSIONS = YES;
				CLANG_ANALYZER_NONNULL = YES;
				CLANG_ANALYZER_NUMBER_OBJECT_CONVERSION = YES_AGGRESSIVE;
				CLANG_CXX_LANGUAGE_STANDARD = "gnu++20";
				CLANG_ENABLE_MODULES = YES;
				CLANG_ENABLE_OBJC_ARC = YES;
				CLANG_ENABLE_OBJC_WEAK = YES;
				CLANG_WARN_BLOCK_CAPTURE_AUTORELEASING = YES;
				CLANG_WARN_BOOL_CONVERSION = YES;
				CLANG_WARN_COMMA = YES;
				CLANG_WARN_CONSTANT_CONVERSION = YES;
				CLANG_WARN_DEPRECATED_OBJC_IMPLEMENTATIONS = YES;
				CLANG_WARN_DIRECT_OBJC_ISA_USAGE = YES_ERROR;
				CLANG_WARN_DOCUMENTATION_COMMENTS = YES;
				CLANG_WARN_EMPTY_BODY = YES;
				CLANG_WARN_ENUM_CONVERSION = YES;
				CLANG_WARN_INFINITE_RECURSION = YES;
				CLANG_WARN_INT_CONVERSION = YES;
				CLANG_WARN_NON_LITERAL_NULL_CONVERSION = YES;
				CLANG_WARN_OBJC_IMPLICIT_RETAIN_SELF = YES;
				CLANG_WARN_OBJC_LITERAL_CONVERSION = YES;
				CLANG_WARN_OBJC_ROOT_CLASS = YES_ERROR;
				CLANG_WARN_QUOTED_INCLUDE_IN_FRAMEWORK_HEADER = YES;
				CLANG_WARN_RANGE_LOOP_ANALYSIS = YES;
				CLANG_WARN_STRICT_PROTOTYPES = YES;
				CLANG_WARN_SUSPICIOUS_MOVE = YES;
				CLANG_WARN_UNGUARDED_AVAILABILITY = YES_AGGRESSIVE;
				CLANG_WARN_UNREACHABLE_CODE = YES;
				CLANG_WARN__DUPLICATE_METHOD_MATCH = YES;
				COPY_PHASE_STRIP = NO;
				DEBUG_INFORMATION_FORMAT = dwarf;
				DEVELOPMENT_TEAM = UUD4WPFJTD;
				ENABLE_STRICT_OBJC_MSGSEND = YES;
				ENABLE_TESTABILITY = YES;
				ENABLE_USER_SCRIPT_SANDBOXING = YES;
				GCC_C_LANGUAGE_STANDARD = gnu17;
				GCC_DYNAMIC_NO_PIC = NO;
				GCC_NO_COMMON_BLOCKS = YES;
				GCC_OPTIMIZATION_LEVEL = 0;
				GCC_PREPROCESSOR_DEFINITIONS = (
					"DEBUG=1",
					"$(inherited)",
				);
				GCC_WARN_64_TO_32_BIT_CONVERSION = YES;
				GCC_WARN_ABOUT_RETURN_TYPE = YES_ERROR;
				GCC_WARN_UNDECLARED_SELECTOR = YES;
				GCC_WARN_UNINITIALIZED_AUTOS = YES_AGGRESSIVE;
				GCC_WARN_UNUSED_FUNCTION = YES;
				GCC_WARN_UNUSED_VARIABLE = YES;
				IPHONEOS_DEPLOYMENT_TARGET = 18.5;
				LOCALIZATION_PREFERS_STRING_CATALOGS = YES;
				MTL_ENABLE_DEBUG_INFO = INCLUDE_SOURCE;
				MTL_FAST_MATH = YES;
				ONLY_ACTIVE_ARCH = YES;
				SDKROOT = iphoneos;
				SWIFT_ACTIVE_COMPILATION_CONDITIONS = "DEBUG $(inherited)";
				SWIFT_OPTIMIZATION_LEVEL = "-Onone";
			};
			name = Debug;
		};
		D50B34532E5160A100FBC36C /* Release */ = {
			isa = XCBuildConfiguration;
			buildSettings = {
				ALWAYS_SEARCH_USER_PATHS = NO;
				ASSETCATALOG_COMPILER_GENERATE_SWIFT_ASSET_SYMBOL_EXTENSIONS = YES;
				CLANG_ANALYZER_NONNULL = YES;
				CLANG_ANALYZER_NUMBER_OBJECT_CONVERSION = YES_AGGRESSIVE;
				CLANG_CXX_LANGUAGE_STANDARD = "gnu++20";
				CLANG_ENABLE_MODULES = YES;
				CLANG_ENABLE_OBJC_ARC = YES;
				CLANG_ENABLE_OBJC_WEAK = YES;
				CLANG_WARN_BLOCK_CAPTURE_AUTORELEASING = YES;
				CLANG_WARN_BOOL_CONVERSION = YES;
				CLANG_WARN_COMMA = YES;
				CLANG_WARN_CONSTANT_CONVERSION = YES;
				CLANG_WARN_DEPRECATED_OBJC_IMPLEMENTATIONS = YES;
				CLANG_WARN_DIRECT_OBJC_ISA_USAGE = YES_ERROR;
				CLANG_WARN_DOCUMENTATION_COMMENTS = YES;
				CLANG_WARN_EMPTY_BODY = YES;
				CLANG_WARN_ENUM_CONVERSION = YES;
				CLANG_WARN_INFINITE_RECURSION = YES;
				CLANG_WARN_INT_CONVERSION = YES;
				CLANG_WARN_NON_LITERAL_NULL_CONVERSION = YES;
				CLANG_WARN_OBJC_IMPLICIT_RETAIN_SELF = YES;
				CLANG_WARN_OBJC_LITERAL_CONVERSION = YES;
				CLANG_WARN_OBJC_ROOT_CLASS = YES_ERROR;
				CLANG_WARN_QUOTED_INCLUDE_IN_FRAMEWORK_HEADER = YES;
				CLANG_WARN_RANGE_LOOP_ANALYSIS = YES;
				CLANG_WARN_STRICT_PROTOTYPES = YES;
				CLANG_WARN_SUSPICIOUS_MOVE = YES;
				CLANG_WARN_UNGUARDED_AVAILABILITY = YES_AGGRESSIVE;
				CLANG_WARN_UNREACHABLE_CODE = YES;
				CLANG_WARN__DUPLICATE_METHOD_MATCH = YES;
				COPY_PHASE_STRIP = NO;
				DEBUG_INFORMATION_FORMAT = "dwarf-with-dsym";
				DEVELOPMENT_TEAM = UUD4WPFJTD;
				ENABLE_NS_ASSERTIONS = NO;
				ENABLE_STRICT_OBJC_MSGSEND = YES;
				ENABLE_USER_SCRIPT_SANDBOXING = YES;
				GCC_C_LANGUAGE_STANDARD = gnu17;
				GCC_NO_COMMON_BLOCKS = YES;
				GCC_WARN_64_TO_32_BIT_CONVERSION = YES;
				GCC_WARN_ABOUT_RETURN_TYPE = YES_ERROR;
				GCC_WARN_UNDECLARED_SELECTOR = YES;
				GCC_WARN_UNINITIALIZED_AUTOS = YES_AGGRESSIVE;
				GCC_WARN_UNUSED_FUNCTION = YES;
				GCC_WARN_UNUSED_VARIABLE = YES;
				IPHONEOS_DEPLOYMENT_TARGET = 18.5;
				LOCALIZATION_PREFERS_STRING_CATALOGS = YES;
				MTL_ENABLE_DEBUG_INFO = NO;
				MTL_FAST_MATH = YES;
				SDKROOT = iphoneos;
				SWIFT_COMPILATION_MODE = wholemodule;
				VALIDATE_PRODUCT = YES;
			};
			name = Release;
		};
		D50B34552E5160A100FBC36C /* Debug */ = {
			isa = XCBuildConfiguration;
			buildSettings = {
				BUNDLE_LOADER = "$(TEST_HOST)";
				CODE_SIGN_STYLE = Automatic;
				CURRENT_PROJECT_VERSION = 1;
				DEVELOPMENT_TEAM = UUD4WPFJTD;
				GENERATE_INFOPLIST_FILE = YES;
				IPHONEOS_DEPLOYMENT_TARGET = 18.5;
				MARKETING_VERSION = 1.0;
				PRODUCT_BUNDLE_IDENTIFIER = com.asapapalab.AsaMindMapTests;
				PRODUCT_NAME = "$(TARGET_NAME)";
				SWIFT_EMIT_LOC_STRINGS = NO;
				SWIFT_VERSION = 5.0;
				TARGETED_DEVICE_FAMILY = "1,2";
				TEST_HOST = "$(BUILT_PRODUCTS_DIR)/AsaMindMap.app/$(BUNDLE_EXECUTABLE_FOLDER_PATH)/AsaMindMap";
			};
			name = Debug;
		};
		D50B34562E5160A100FBC36C /* Release */ = {
			isa = XCBuildConfiguration;
			buildSettings = {
				BUNDLE_LOADER = "$(TEST_HOST)";
				CODE_SIGN_STYLE = Automatic;
				CURRENT_PROJECT_VERSION = 1;
				DEVELOPMENT_TEAM = UUD4WPFJTD;
				GENERATE_INFOPLIST_FILE = YES;
				IPHONEOS_DEPLOYMENT_TARGET = 18.5;
				MARKETING_VERSION = 1.0;
				PRODUCT_BUNDLE_IDENTIFIER = com.asapapalab.AsaMindMapTests;
				PRODUCT_NAME = "$(TARGET_NAME)";
				SWIFT_EMIT_LOC_STRINGS = NO;
				SWIFT_VERSION = 5.0;
				TARGETED_DEVICE_FAMILY = "1,2";
				TEST_HOST = "$(BUILT_PRODUCTS_DIR)/AsaMindMap.app/$(BUNDLE_EXECUTABLE_FOLDER_PATH)/AsaMindMap";
			};
			name = Release;
		};
		D50B34582E5160A100FBC36C /* Debug */ = {
			isa = XCBuildConfiguration;
			buildSettings = {
				CODE_SIGN_STYLE = Automatic;
				CURRENT_PROJECT_VERSION = 1;
				DEVELOPMENT_TEAM = UUD4WPFJTD;
				GENERATE_INFOPLIST_FILE = YES;
				MARKETING_VERSION = 1.0;
				PRODUCT_BUNDLE_IDENTIFIER = com.asapapalab.AsaMindMapUITests;
				PRODUCT_NAME = "$(TARGET_NAME)";
				SWIFT_EMIT_LOC_STRINGS = NO;
				SWIFT_VERSION = 5.0;
				TARGETED_DEVICE_FAMILY = "1,2";
				TEST_TARGET_NAME = AsaMindMap;
			};
			name = Debug;
		};
		D50B34592E5160A100FBC36C /* Release */ = {
			isa = XCBuildConfiguration;
			buildSettings = {
				CODE_SIGN_STYLE = Automatic;
				CURRENT_PROJECT_VERSION = 1;
				DEVELOPMENT_TEAM = UUD4WPFJTD;
				GENERATE_INFOPLIST_FILE = YES;
				MARKETING_VERSION = 1.0;
				PRODUCT_BUNDLE_IDENTIFIER = com.asapapalab.AsaMindMapUITests;
				PRODUCT_NAME = "$(TARGET_NAME)";
				SWIFT_EMIT_LOC_STRINGS = NO;
				SWIFT_VERSION = 5.0;
				TARGETED_DEVICE_FAMILY = "1,2";
				TEST_TARGET_NAME = AsaMindMap;
			};
			name = Release;
		};
/* End XCBuildConfiguration section */

/* Begin XCConfigurationList section */
		D50B34232E51609F00FBC36C /* Build configuration list for PBXProject "AsaMindMap" */ = {
			isa = XCConfigurationList;
			buildConfigurations = (
				D50B34522E5160A100FBC36C /* Debug */,
				D50B34532E5160A100FBC36C /* Release */,
			);
			defaultConfigurationIsVisible = 0;
			defaultConfigurationName = Release;
		};
		D50B344F2E5160A100FBC36C /* Build configuration list for PBXNativeTarget "AsaMindMap" */ = {
			isa = XCConfigurationList;
			buildConfigurations = (
				D50B34502E5160A100FBC36C /* Debug */,
				D50B34512E5160A100FBC36C /* Release */,
			);
			defaultConfigurationIsVisible = 0;
			defaultConfigurationName = Release;
		};
		D50B34542E5160A100FBC36C /* Build configuration list for PBXNativeTarget "AsaMindMapTests" */ = {
			isa = XCConfigurationList;
			buildConfigurations = (
				D50B34552E5160A100FBC36C /* Debug */,
				D50B34562E5160A100FBC36C /* Release */,
			);
			defaultConfigurationIsVisible = 0;
			defaultConfigurationName = Release;
		};
		D50B34572E5160A100FBC36C /* Build configuration list for PBXNativeTarget "AsaMindMapUITests" */ = {
			isa = XCConfigurationList;
			buildConfigurations = (
				D50B34582E5160A100FBC36C /* Debug */,
				D50B34592E5160A100FBC36C /* Release */,
			);
			defaultConfigurationIsVisible = 0;
			defaultConfigurationName = Release;
		};
/* End XCConfigurationList section */

/* Begin XCLocalSwiftPackageReference section */
		D50B34602E5160B000FBC36C /* XCLocalSwiftPackageReference "../Package" */ = {
			isa = XCLocalSwiftPackageReference;
			relativePath = ../Package;
		};
/* End XCLocalSwiftPackageReference section */

/* Begin XCSwiftPackageProductDependency section */
		D50B34612E5160B000FBC36C /* MindMapCore */ = {
			isa = XCSwiftPackageProductDependency;
			package = D50B34602E5160B000FBC36C /* XCLocalSwiftPackageReference "../Package" */;
			productName = MindMapCore;
		};
		D50B34632E5160B000FBC36C /* MindMapUI */ = {
			isa = XCSwiftPackageProductDependency;
			package = D50B34602E5160B000FBC36C /* XCLocalSwiftPackageReference "../Package" */;
			productName = MindMapUI;
		};
		D50B34652E5160B000FBC36C /* DesignSystem */ = {
			isa = XCSwiftPackageProductDependency;
			package = D50B34602E5160B000FBC36C /* XCLocalSwiftPackageReference "../Package" */;
			productName = DesignSystem;
		};
/* End XCSwiftPackageProductDependency section */
	};
	rootObject = D50B34202E51609F00FBC36C /* Project object */;
}
